// !$*UTF8*$!
{
	archiveVersion = 1;
	classes = {
	};
	objectVersion = 46;
	objects = {

/* Begin PBXBuildFile section */
		946F7DE21E4F6C220046DB58 /* SocketIOManager.swift in Sources */ = {isa = PBXBuildFile; fileRef = 946F7DE11E4F6C220046DB58 /* SocketIOManager.swift */; };
		946F7DEF1E4F771B0046DB58 /* SQLiteDB.swift in Sources */ = {isa = PBXBuildFile; fileRef = 946F7DED1E4F771B0046DB58 /* SQLiteDB.swift */; };
		946F7DF01E4F771B0046DB58 /* SQLTable.swift in Sources */ = {isa = PBXBuildFile; fileRef = 946F7DEE1E4F771B0046DB58 /* SQLTable.swift */; };
		946F7DF21E4F774F0046DB58 /* libsqlite3.0.tbd in Frameworks */ = {isa = PBXBuildFile; fileRef = 946F7DF11E4F774F0046DB58 /* libsqlite3.0.tbd */; };
		946F7DF41E4F78700046DB58 /* data.db in Resources */ = {isa = PBXBuildFile; fileRef = 946F7DF31E4F78700046DB58 /* data.db */; };
		C90A4E621E689D0800D5ED6D /* MediaPlayer.framework in Frameworks */ = {isa = PBXBuildFile; fileRef = C90A4E5A1E689B1D00D5ED6D /* MediaPlayer.framework */; };
		C935E7471E3BAC7900571F0F /* SpotifyMetadata.framework in Frameworks */ = {isa = PBXBuildFile; fileRef = C935E7461E3BAC7900571F0F /* SpotifyMetadata.framework */; };
		C9439D481E3295AF007446B0 /* AppDelegate.swift in Sources */ = {isa = PBXBuildFile; fileRef = C9439D471E3295AF007446B0 /* AppDelegate.swift */; };
		C9439D4A1E3295AF007446B0 /* ViewController.swift in Sources */ = {isa = PBXBuildFile; fileRef = C9439D491E3295AF007446B0 /* ViewController.swift */; };
		C9439D4D1E3295AF007446B0 /* Main.storyboard in Resources */ = {isa = PBXBuildFile; fileRef = C9439D4B1E3295AF007446B0 /* Main.storyboard */; };
		C9439D4F1E3295AF007446B0 /* Assets.xcassets in Resources */ = {isa = PBXBuildFile; fileRef = C9439D4E1E3295AF007446B0 /* Assets.xcassets */; };
		C9439D521E3295AF007446B0 /* LaunchScreen.storyboard in Resources */ = {isa = PBXBuildFile; fileRef = C9439D501E3295AF007446B0 /* LaunchScreen.storyboard */; };
		C9439D5D1E3295AF007446B0 /* MediaStreamerTests.swift in Sources */ = {isa = PBXBuildFile; fileRef = C9439D5C1E3295AF007446B0 /* MediaStreamerTests.swift */; };
		C9439D681E329828007446B0 /* README.md in Sources */ = {isa = PBXBuildFile; fileRef = C9439D671E329828007446B0 /* README.md */; };
		C9439D6E1E353054007446B0 /* SpotifyAudioPlayback.framework in Frameworks */ = {isa = PBXBuildFile; fileRef = C9439D6C1E353054007446B0 /* SpotifyAudioPlayback.framework */; };
		C9439D6F1E353054007446B0 /* SpotifyAuthentication.framework in Frameworks */ = {isa = PBXBuildFile; fileRef = C9439D6D1E353054007446B0 /* SpotifyAuthentication.framework */; };
		C9439D761E36B64C007446B0 /* AVFoundation.framework in Frameworks */ = {isa = PBXBuildFile; fileRef = C9439D751E36B64C007446B0 /* AVFoundation.framework */; };
		C9439D781E36B650007446B0 /* SystemConfiguration.framework in Frameworks */ = {isa = PBXBuildFile; fileRef = C9439D771E36B650007446B0 /* SystemConfiguration.framework */; };
		C98347611E601CD70010CC65 /* SpotifyDelegate.swift in Sources */ = {isa = PBXBuildFile; fileRef = C98347601E601CD70010CC65 /* SpotifyDelegate.swift */; };
		C9877F0B1E429BEB008D5147 /* UIPlaylistView.swift in Sources */ = {isa = PBXBuildFile; fileRef = C9877F0A1E429BEB008D5147 /* UIPlaylistView.swift */; };
		C9877F0F1E43CD07008D5147 /* UISongView.swift in Sources */ = {isa = PBXBuildFile; fileRef = C9877F0E1E43CD07008D5147 /* UISongView.swift */; };
		C9877F111E43FA44008D5147 /* Helper.swift in Sources */ = {isa = PBXBuildFile; fileRef = C9877F101E43FA44008D5147 /* Helper.swift */; };
		C9877F161E48F7A8008D5147 /* HomeController.swift in Sources */ = {isa = PBXBuildFile; fileRef = C9877F151E48F7A8008D5147 /* HomeController.swift */; };
		C9877F181E48F809008D5147 /* RoomController.swift in Sources */ = {isa = PBXBuildFile; fileRef = C9877F171E48F809008D5147 /* RoomController.swift */; };
		C9877F1D1E492401008D5147 /* SpotifySearchController.swift in Sources */ = {isa = PBXBuildFile; fileRef = C9877F1C1E492401008D5147 /* SpotifySearchController.swift */; };
		C9877F1F1E492411008D5147 /* SpotifyPlaylistsController.swift in Sources */ = {isa = PBXBuildFile; fileRef = C9877F1E1E492411008D5147 /* SpotifyPlaylistsController.swift */; };
		C9877F211E49C361008D5147 /* SpotifyTrackView.swift in Sources */ = {isa = PBXBuildFile; fileRef = C9877F201E49C360008D5147 /* SpotifyTrackView.swift */; };
		C9877F231E4A3923008D5147 /* SpotifySongsController.swift in Sources */ = {isa = PBXBuildFile; fileRef = C9877F221E4A3923008D5147 /* SpotifySongsController.swift */; };
		C9877F251E4A4C83008D5147 /* SpotifyPlaylistView.swift in Sources */ = {isa = PBXBuildFile; fileRef = C9877F241E4A4C83008D5147 /* SpotifyPlaylistView.swift */; };
		C987AE521E3E49F800355688 /* Constants.swift in Sources */ = {isa = PBXBuildFile; fileRef = C987AE511E3E49F800355688 /* Constants.swift */; };
		C987AE581E3E607300355688 /* PlaylistController.swift in Sources */ = {isa = PBXBuildFile; fileRef = C987AE571E3E607300355688 /* PlaylistController.swift */; };
		C987AE5A1E3EEBF900355688 /* SpotifyApp.swift in Sources */ = {isa = PBXBuildFile; fileRef = C987AE591E3EEBF900355688 /* SpotifyApp.swift */; };
		C987AE5C1E3EFF2A00355688 /* PlaylistButton.swift in Sources */ = {isa = PBXBuildFile; fileRef = C987AE5B1E3EFF2A00355688 /* PlaylistButton.swift */; };
		C987AE5E1E3F007800355688 /* SongController.swift in Sources */ = {isa = PBXBuildFile; fileRef = C987AE5D1E3F007800355688 /* SongController.swift */; };
		C987AE621E3F0A3200355688 /* PlayerController.swift in Sources */ = {isa = PBXBuildFile; fileRef = C987AE611E3F0A3200355688 /* PlayerController.swift */; };
		C99288BB1E54C36300140CF2 /* User.swift in Sources */ = {isa = PBXBuildFile; fileRef = C99288BA1E54C36300140CF2 /* User.swift */; };
		C99288DB1E55068000140CF2 /* SpotifyPlayer.swift in Sources */ = {isa = PBXBuildFile; fileRef = C99288DA1E55068000140CF2 /* SpotifyPlayer.swift */; };
		C9F3711F1E54B7C20005BDBA /* Room.swift in Sources */ = {isa = PBXBuildFile; fileRef = C9F3711E1E54B7C20005BDBA /* Room.swift */; };
		C9F371211E54B8A80005BDBA /* MediaQueue.swift in Sources */ = {isa = PBXBuildFile; fileRef = C9F371201E54B8A80005BDBA /* MediaQueue.swift */; };
		C9F371241E54B9540005BDBA /* Queue.swift in Sources */ = {isa = PBXBuildFile; fileRef = C9F371231E54B9540005BDBA /* Queue.swift */; };
		C9F371291E54BAF00005BDBA /* SpotifySong.swift in Sources */ = {isa = PBXBuildFile; fileRef = C9F371281E54BAF00005BDBA /* SpotifySong.swift */; };
		DDD40F8A86D03B3617FDF820 /* Pods_MediaStreamer.framework in Frameworks */ = {isa = PBXBuildFile; fileRef = AA14CF1C6DD1A6CB3C7145C3 /* Pods_MediaStreamer.framework */; };
/* End PBXBuildFile section */

/* Begin PBXContainerItemProxy section */
		C9439D591E3295AF007446B0 /* PBXContainerItemProxy */ = {
			isa = PBXContainerItemProxy;
			containerPortal = C9439D3C1E3295AF007446B0 /* Project object */;
			proxyType = 1;
			remoteGlobalIDString = C9439D431E3295AF007446B0;
			remoteInfo = MediaStreamer;
		};
/* End PBXContainerItemProxy section */

/* Begin PBXFileReference section */
		1C5F6C9526D9BAEFEAB8DC6D /* Pods-MediaStreamer.debug.xcconfig */ = {isa = PBXFileReference; includeInIndex = 1; lastKnownFileType = text.xcconfig; name = "Pods-MediaStreamer.debug.xcconfig"; path = "Pods/Target Support Files/Pods-MediaStreamer/Pods-MediaStreamer.debug.xcconfig"; sourceTree = "<group>"; };
		946F7DE11E4F6C220046DB58 /* SocketIOManager.swift */ = {isa = PBXFileReference; fileEncoding = 4; lastKnownFileType = sourcecode.swift; path = SocketIOManager.swift; sourceTree = "<group>"; };
		946F7DED1E4F771B0046DB58 /* SQLiteDB.swift */ = {isa = PBXFileReference; fileEncoding = 4; lastKnownFileType = sourcecode.swift; path = SQLiteDB.swift; sourceTree = "<group>"; };
		946F7DEE1E4F771B0046DB58 /* SQLTable.swift */ = {isa = PBXFileReference; fileEncoding = 4; lastKnownFileType = sourcecode.swift; path = SQLTable.swift; sourceTree = "<group>"; };
		946F7DF11E4F774F0046DB58 /* libsqlite3.0.tbd */ = {isa = PBXFileReference; lastKnownFileType = "sourcecode.text-based-dylib-definition"; name = libsqlite3.0.tbd; path = usr/lib/libsqlite3.0.tbd; sourceTree = SDKROOT; };
		946F7DF31E4F78700046DB58 /* data.db */ = {isa = PBXFileReference; lastKnownFileType = file; path = data.db; sourceTree = "<group>"; };
		AA14CF1C6DD1A6CB3C7145C3 /* Pods_MediaStreamer.framework */ = {isa = PBXFileReference; explicitFileType = wrapper.framework; includeInIndex = 0; path = Pods_MediaStreamer.framework; sourceTree = BUILT_PRODUCTS_DIR; };
		C90A4E581E6898EB00D5ED6D /* AVKit.framework */ = {isa = PBXFileReference; lastKnownFileType = wrapper.framework; name = AVKit.framework; path = System/Library/Frameworks/AVKit.framework; sourceTree = SDKROOT; };
		C90A4E5A1E689B1D00D5ED6D /* MediaPlayer.framework */ = {isa = PBXFileReference; lastKnownFileType = wrapper.framework; name = MediaPlayer.framework; path = System/Library/Frameworks/MediaPlayer.framework; sourceTree = SDKROOT; };
		C90A4E5C1E689B4A00D5ED6D /* CoreMedia.framework */ = {isa = PBXFileReference; lastKnownFileType = wrapper.framework; name = CoreMedia.framework; path = System/Library/Frameworks/CoreMedia.framework; sourceTree = SDKROOT; };
		C90A4E5D1E689B4A00D5ED6D /* MediaAccessibility.framework */ = {isa = PBXFileReference; lastKnownFileType = wrapper.framework; name = MediaAccessibility.framework; path = System/Library/Frameworks/MediaAccessibility.framework; sourceTree = SDKROOT; };
		C90A4E5E1E689B4A00D5ED6D /* MediaToolbox.framework */ = {isa = PBXFileReference; lastKnownFileType = wrapper.framework; name = MediaToolbox.framework; path = System/Library/Frameworks/MediaToolbox.framework; sourceTree = SDKROOT; };
		C935E7461E3BAC7900571F0F /* SpotifyMetadata.framework */ = {isa = PBXFileReference; lastKnownFileType = wrapper.framework; path = SpotifyMetadata.framework; sourceTree = "<group>"; };
		C9439D441E3295AF007446B0 /* MediaStreamer.app */ = {isa = PBXFileReference; explicitFileType = wrapper.application; includeInIndex = 0; path = MediaStreamer.app; sourceTree = BUILT_PRODUCTS_DIR; };
		C9439D471E3295AF007446B0 /* AppDelegate.swift */ = {isa = PBXFileReference; lastKnownFileType = sourcecode.swift; path = AppDelegate.swift; sourceTree = "<group>"; };
		C9439D491E3295AF007446B0 /* ViewController.swift */ = {isa = PBXFileReference; lastKnownFileType = sourcecode.swift; path = ViewController.swift; sourceTree = "<group>"; };
		C9439D4C1E3295AF007446B0 /* Base */ = {isa = PBXFileReference; lastKnownFileType = file.storyboard; name = Base; path = Base.lproj/Main.storyboard; sourceTree = "<group>"; };
		C9439D4E1E3295AF007446B0 /* Assets.xcassets */ = {isa = PBXFileReference; lastKnownFileType = folder.assetcatalog; path = Assets.xcassets; sourceTree = "<group>"; };
		C9439D511E3295AF007446B0 /* Base */ = {isa = PBXFileReference; lastKnownFileType = file.storyboard; name = Base; path = Base.lproj/LaunchScreen.storyboard; sourceTree = "<group>"; };
		C9439D531E3295AF007446B0 /* Info.plist */ = {isa = PBXFileReference; lastKnownFileType = text.plist.xml; path = Info.plist; sourceTree = "<group>"; };
		C9439D581E3295AF007446B0 /* MediaStreamerTests.xctest */ = {isa = PBXFileReference; explicitFileType = wrapper.cfbundle; includeInIndex = 0; path = MediaStreamerTests.xctest; sourceTree = BUILT_PRODUCTS_DIR; };
		C9439D5C1E3295AF007446B0 /* MediaStreamerTests.swift */ = {isa = PBXFileReference; lastKnownFileType = sourcecode.swift; path = MediaStreamerTests.swift; sourceTree = "<group>"; };
		C9439D5E1E3295AF007446B0 /* Info.plist */ = {isa = PBXFileReference; lastKnownFileType = text.plist.xml; path = Info.plist; sourceTree = "<group>"; };
		C9439D671E329828007446B0 /* README.md */ = {isa = PBXFileReference; fileEncoding = 4; lastKnownFileType = net.daringfireball.markdown; path = README.md; sourceTree = "<group>"; };
		C9439D6C1E353054007446B0 /* SpotifyAudioPlayback.framework */ = {isa = PBXFileReference; lastKnownFileType = wrapper.framework; path = SpotifyAudioPlayback.framework; sourceTree = "<group>"; };
		C9439D6D1E353054007446B0 /* SpotifyAuthentication.framework */ = {isa = PBXFileReference; lastKnownFileType = wrapper.framework; path = SpotifyAuthentication.framework; sourceTree = "<group>"; };
		C9439D751E36B64C007446B0 /* AVFoundation.framework */ = {isa = PBXFileReference; lastKnownFileType = wrapper.framework; name = AVFoundation.framework; path = System/Library/Frameworks/AVFoundation.framework; sourceTree = SDKROOT; };
		C9439D771E36B650007446B0 /* SystemConfiguration.framework */ = {isa = PBXFileReference; lastKnownFileType = wrapper.framework; name = SystemConfiguration.framework; path = System/Library/Frameworks/SystemConfiguration.framework; sourceTree = SDKROOT; };
		C9439D7C1E36BF29007446B0 /* MediaStreamer-Bridging-Header.h */ = {isa = PBXFileReference; lastKnownFileType = sourcecode.c.h; path = "MediaStreamer-Bridging-Header.h"; sourceTree = "<group>"; };
		C98347601E601CD70010CC65 /* SpotifyDelegate.swift */ = {isa = PBXFileReference; fileEncoding = 4; lastKnownFileType = sourcecode.swift; path = SpotifyDelegate.swift; sourceTree = "<group>"; };
		C98347621E602B360010CC65 /* MediaStreamer.entitlements */ = {isa = PBXFileReference; lastKnownFileType = text.plist.entitlements; path = MediaStreamer.entitlements; sourceTree = "<group>"; };
		C9877F0A1E429BEB008D5147 /* UIPlaylistView.swift */ = {isa = PBXFileReference; fileEncoding = 4; lastKnownFileType = sourcecode.swift; path = UIPlaylistView.swift; sourceTree = "<group>"; };
		C9877F0E1E43CD07008D5147 /* UISongView.swift */ = {isa = PBXFileReference; fileEncoding = 4; lastKnownFileType = sourcecode.swift; path = UISongView.swift; sourceTree = "<group>"; };
		C9877F101E43FA44008D5147 /* Helper.swift */ = {isa = PBXFileReference; fileEncoding = 4; lastKnownFileType = sourcecode.swift; path = Helper.swift; sourceTree = "<group>"; };
		C9877F151E48F7A8008D5147 /* HomeController.swift */ = {isa = PBXFileReference; fileEncoding = 4; lastKnownFileType = sourcecode.swift; path = HomeController.swift; sourceTree = "<group>"; };
		C9877F171E48F809008D5147 /* RoomController.swift */ = {isa = PBXFileReference; fileEncoding = 4; lastKnownFileType = sourcecode.swift; path = RoomController.swift; sourceTree = "<group>"; };
		C9877F1C1E492401008D5147 /* SpotifySearchController.swift */ = {isa = PBXFileReference; fileEncoding = 4; lastKnownFileType = sourcecode.swift; path = SpotifySearchController.swift; sourceTree = "<group>"; };
		C9877F1E1E492411008D5147 /* SpotifyPlaylistsController.swift */ = {isa = PBXFileReference; fileEncoding = 4; lastKnownFileType = sourcecode.swift; path = SpotifyPlaylistsController.swift; sourceTree = "<group>"; };
		C9877F201E49C360008D5147 /* SpotifyTrackView.swift */ = {isa = PBXFileReference; fileEncoding = 4; lastKnownFileType = sourcecode.swift; path = SpotifyTrackView.swift; sourceTree = "<group>"; };
		C9877F221E4A3923008D5147 /* SpotifySongsController.swift */ = {isa = PBXFileReference; fileEncoding = 4; lastKnownFileType = sourcecode.swift; path = SpotifySongsController.swift; sourceTree = "<group>"; };
		C9877F241E4A4C83008D5147 /* SpotifyPlaylistView.swift */ = {isa = PBXFileReference; fileEncoding = 4; lastKnownFileType = sourcecode.swift; path = SpotifyPlaylistView.swift; sourceTree = "<group>"; };
		C987AE511E3E49F800355688 /* Constants.swift */ = {isa = PBXFileReference; fileEncoding = 4; lastKnownFileType = sourcecode.swift; path = Constants.swift; sourceTree = "<group>"; };
		C987AE571E3E607300355688 /* PlaylistController.swift */ = {isa = PBXFileReference; fileEncoding = 4; lastKnownFileType = sourcecode.swift; path = PlaylistController.swift; sourceTree = "<group>"; };
		C987AE591E3EEBF900355688 /* SpotifyApp.swift */ = {isa = PBXFileReference; fileEncoding = 4; lastKnownFileType = sourcecode.swift; path = SpotifyApp.swift; sourceTree = "<group>"; };
		C987AE5B1E3EFF2A00355688 /* PlaylistButton.swift */ = {isa = PBXFileReference; fileEncoding = 4; lastKnownFileType = sourcecode.swift; path = PlaylistButton.swift; sourceTree = "<group>"; };
		C987AE5D1E3F007800355688 /* SongController.swift */ = {isa = PBXFileReference; fileEncoding = 4; lastKnownFileType = sourcecode.swift; path = SongController.swift; sourceTree = "<group>"; };
		C987AE611E3F0A3200355688 /* PlayerController.swift */ = {isa = PBXFileReference; fileEncoding = 4; lastKnownFileType = sourcecode.swift; path = PlayerController.swift; sourceTree = "<group>"; };
		C99288BA1E54C36300140CF2 /* User.swift */ = {isa = PBXFileReference; fileEncoding = 4; lastKnownFileType = sourcecode.swift; path = User.swift; sourceTree = "<group>"; };
		C99288C21E54F28200140CF2 /* QuartzCore.framework */ = {isa = PBXFileReference; lastKnownFileType = wrapper.framework; name = QuartzCore.framework; path = System/Library/Frameworks/QuartzCore.framework; sourceTree = SDKROOT; };
		C99288DA1E55068000140CF2 /* SpotifyPlayer.swift */ = {isa = PBXFileReference; fileEncoding = 4; lastKnownFileType = sourcecode.swift; path = SpotifyPlayer.swift; sourceTree = "<group>"; };
		C9F3711E1E54B7C20005BDBA /* Room.swift */ = {isa = PBXFileReference; fileEncoding = 4; lastKnownFileType = sourcecode.swift; path = Room.swift; sourceTree = "<group>"; };
		C9F371201E54B8A80005BDBA /* MediaQueue.swift */ = {isa = PBXFileReference; fileEncoding = 4; lastKnownFileType = sourcecode.swift; path = MediaQueue.swift; sourceTree = "<group>"; };
		C9F371231E54B9540005BDBA /* Queue.swift */ = {isa = PBXFileReference; fileEncoding = 4; lastKnownFileType = sourcecode.swift; path = Queue.swift; sourceTree = "<group>"; };
		C9F371281E54BAF00005BDBA /* SpotifySong.swift */ = {isa = PBXFileReference; fileEncoding = 4; lastKnownFileType = sourcecode.swift; path = SpotifySong.swift; sourceTree = "<group>"; };
		F38263614FDE16C3513EBB6A /* Pods-MediaStreamer.release.xcconfig */ = {isa = PBXFileReference; includeInIndex = 1; lastKnownFileType = text.xcconfig; name = "Pods-MediaStreamer.release.xcconfig"; path = "Pods/Target Support Files/Pods-MediaStreamer/Pods-MediaStreamer.release.xcconfig"; sourceTree = "<group>"; };
/* End PBXFileReference section */

/* Begin PBXFrameworksBuildPhase section */
		C9439D411E3295AF007446B0 /* Frameworks */ = {
			isa = PBXFrameworksBuildPhase;
			buildActionMask = 2147483647;
			files = (
				C90A4E621E689D0800D5ED6D /* MediaPlayer.framework in Frameworks */,
				946F7DF21E4F774F0046DB58 /* libsqlite3.0.tbd in Frameworks */,
				C935E7471E3BAC7900571F0F /* SpotifyMetadata.framework in Frameworks */,
				C9439D781E36B650007446B0 /* SystemConfiguration.framework in Frameworks */,
				C9439D761E36B64C007446B0 /* AVFoundation.framework in Frameworks */,
				C9439D6E1E353054007446B0 /* SpotifyAudioPlayback.framework in Frameworks */,
				C9439D6F1E353054007446B0 /* SpotifyAuthentication.framework in Frameworks */,
				DDD40F8A86D03B3617FDF820 /* Pods_MediaStreamer.framework in Frameworks */,
			);
			runOnlyForDeploymentPostprocessing = 0;
		};
		C9439D551E3295AF007446B0 /* Frameworks */ = {
			isa = PBXFrameworksBuildPhase;
			buildActionMask = 2147483647;
			files = (
			);
			runOnlyForDeploymentPostprocessing = 0;
		};
/* End PBXFrameworksBuildPhase section */

/* Begin PBXGroup section */
		7653324EC6E836B8BFB638C1 /* Pods */ = {
			isa = PBXGroup;
			children = (
				1C5F6C9526D9BAEFEAB8DC6D /* Pods-MediaStreamer.debug.xcconfig */,
				F38263614FDE16C3513EBB6A /* Pods-MediaStreamer.release.xcconfig */,
			);
			name = Pods;
			sourceTree = "<group>";
		};
		C9439D3B1E3295AF007446B0 = {
			isa = PBXGroup;
			children = (
				946F7DF31E4F78700046DB58 /* data.db */,
				C9439D6B1E353041007446B0 /* Frameworks */,
				C9439D671E329828007446B0 /* README.md */,
				C9439D461E3295AF007446B0 /* MediaStreamer */,
				C9439D5B1E3295AF007446B0 /* MediaStreamerTests */,
				C9439D451E3295AF007446B0 /* Products */,
				C9439D7C1E36BF29007446B0 /* MediaStreamer-Bridging-Header.h */,
				7653324EC6E836B8BFB638C1 /* Pods */,
			);
			sourceTree = "<group>";
		};
		C9439D451E3295AF007446B0 /* Products */ = {
			isa = PBXGroup;
			children = (
				C9439D441E3295AF007446B0 /* MediaStreamer.app */,
				C9439D581E3295AF007446B0 /* MediaStreamerTests.xctest */,
			);
			name = Products;
			sourceTree = "<group>";
		};
		C9439D461E3295AF007446B0 /* MediaStreamer */ = {
			isa = PBXGroup;
			children = (
				C98347621E602B360010CC65 /* MediaStreamer.entitlements */,
				C9F371221E54B94B0005BDBA /* Util */,
				C9F3711D1E54B61B0005BDBA /* Models */,
				946F7DED1E4F771B0046DB58 /* SQLiteDB.swift */,
				946F7DEE1E4F771B0046DB58 /* SQLTable.swift */,
				C9877F141E48F79A008D5147 /* ViewControllers */,
				C9439D471E3295AF007446B0 /* AppDelegate.swift */,
				C98347651E6098680010CC65 /* Old */,
				C9439D4B1E3295AF007446B0 /* Main.storyboard */,
				C9439D4E1E3295AF007446B0 /* Assets.xcassets */,
				C9439D501E3295AF007446B0 /* LaunchScreen.storyboard */,
				C9439D531E3295AF007446B0 /* Info.plist */,
			);
			path = MediaStreamer;
			sourceTree = "<group>";
		};
		C9439D5B1E3295AF007446B0 /* MediaStreamerTests */ = {
			isa = PBXGroup;
			children = (
				C9439D5C1E3295AF007446B0 /* MediaStreamerTests.swift */,
				C9439D5E1E3295AF007446B0 /* Info.plist */,
			);
			path = MediaStreamerTests;
			sourceTree = "<group>";
		};
		C9439D6B1E353041007446B0 /* Frameworks */ = {
			isa = PBXGroup;
			children = (
				C90A4E5C1E689B4A00D5ED6D /* CoreMedia.framework */,
				C90A4E5D1E689B4A00D5ED6D /* MediaAccessibility.framework */,
				C90A4E5E1E689B4A00D5ED6D /* MediaToolbox.framework */,
				C90A4E5A1E689B1D00D5ED6D /* MediaPlayer.framework */,
				C90A4E581E6898EB00D5ED6D /* AVKit.framework */,
				C99288C21E54F28200140CF2 /* QuartzCore.framework */,
				946F7DF11E4F774F0046DB58 /* libsqlite3.0.tbd */,
				C935E7461E3BAC7900571F0F /* SpotifyMetadata.framework */,
				C9439D771E36B650007446B0 /* SystemConfiguration.framework */,
				C9439D751E36B64C007446B0 /* AVFoundation.framework */,
				C9439D6C1E353054007446B0 /* SpotifyAudioPlayback.framework */,
				C9439D6D1E353054007446B0 /* SpotifyAuthentication.framework */,
				AA14CF1C6DD1A6CB3C7145C3 /* Pods_MediaStreamer.framework */,
			);
			name = Frameworks;
			sourceTree = "<group>";
		};
		C98347651E6098680010CC65 /* Old */ = {
			isa = PBXGroup;
			children = (
				C987AE5B1E3EFF2A00355688 /* PlaylistButton.swift */,
				C9877F0E1E43CD07008D5147 /* UISongView.swift */,
				C9877F0A1E429BEB008D5147 /* UIPlaylistView.swift */,
				C987AE611E3F0A3200355688 /* PlayerController.swift */,
				C987AE5D1E3F007800355688 /* SongController.swift */,
				C987AE571E3E607300355688 /* PlaylistController.swift */,
				C9439D491E3295AF007446B0 /* ViewController.swift */,
			);
			name = Old;
			sourceTree = "<group>";
		};
		C9877F141E48F79A008D5147 /* ViewControllers */ = {
			isa = PBXGroup;
			children = (
				C9CF06F71E6BF71C00DC1841 /* Misc */,
				C99288D91E55067200140CF2 /* Players */,
				C9877F191E4923DC008D5147 /* ContentSearch */,
				C9877F151E48F7A8008D5147 /* HomeController.swift */,
				C9877F171E48F809008D5147 /* RoomController.swift */,
			);
			name = ViewControllers;
			sourceTree = "<group>";
		};
		C9877F191E4923DC008D5147 /* ContentSearch */ = {
			isa = PBXGroup;
			children = (
				C9877F1A1E4923E8008D5147 /* Spotify */,
			);
			name = ContentSearch;
			sourceTree = "<group>";
		};
		C9877F1A1E4923E8008D5147 /* Spotify */ = {
			isa = PBXGroup;
			children = (
				C9877F1C1E492401008D5147 /* SpotifySearchController.swift */,
				C9877F1E1E492411008D5147 /* SpotifyPlaylistsController.swift */,
				C9877F221E4A3923008D5147 /* SpotifySongsController.swift */,
				C9877F201E49C360008D5147 /* SpotifyTrackView.swift */,
				C9877F241E4A4C83008D5147 /* SpotifyPlaylistView.swift */,
			);
			name = Spotify;
			sourceTree = "<group>";
		};
		C99288D91E55067200140CF2 /* Players */ = {
			isa = PBXGroup;
			children = (
				C99288DA1E55068000140CF2 /* SpotifyPlayer.swift */,
			);
			name = Players;
			sourceTree = "<group>";
		};
		C9CF06F71E6BF71C00DC1841 /* Misc */ = {
			isa = PBXGroup;
			children = (
			);
			name = Misc;
			sourceTree = "<group>";
		};
		C9F3711D1E54B61B0005BDBA /* Models */ = {
			isa = PBXGroup;
			children = (
				C9F371271E54BACF0005BDBA /* Media */,
				C9F3711E1E54B7C20005BDBA /* Room.swift */,
				C9F371201E54B8A80005BDBA /* MediaQueue.swift */,
				C99288BA1E54C36300140CF2 /* User.swift */,
			);
			name = Models;
			sourceTree = "<group>";
		};
		C9F371221E54B94B0005BDBA /* Util */ = {
			isa = PBXGroup;
			children = (
				946F7DE11E4F6C220046DB58 /* SocketIOManager.swift */,
				C987AE591E3EEBF900355688 /* SpotifyApp.swift */,
				C9877F101E43FA44008D5147 /* Helper.swift */,
				C987AE511E3E49F800355688 /* Constants.swift */,
				C9F371231E54B9540005BDBA /* Queue.swift */,
			);
			name = Util;
			sourceTree = "<group>";
		};
		C9F371271E54BACF0005BDBA /* Media */ = {
			isa = PBXGroup;
			children = (
				C9F371281E54BAF00005BDBA /* SpotifySong.swift */,
				C98347601E601CD70010CC65 /* SpotifyDelegate.swift */,
			);
			name = Media;
			sourceTree = "<group>";
		};
/* End PBXGroup section */

/* Begin PBXHeadersBuildPhase section */
		C9439D791E36B931007446B0 /* Headers */ = {
			isa = PBXHeadersBuildPhase;
			buildActionMask = 2147483647;
			files = (
			);
			runOnlyForDeploymentPostprocessing = 0;
		};
/* End PBXHeadersBuildPhase section */

/* Begin PBXNativeTarget section */
		C9439D431E3295AF007446B0 /* MediaStreamer */ = {
			isa = PBXNativeTarget;
			buildConfigurationList = C9439D611E3295AF007446B0 /* Build configuration list for PBXNativeTarget "MediaStreamer" */;
			buildPhases = (
				30D5CEEA0B7ABE8FDCC40CB8 /* [CP] Check Pods Manifest.lock */,
				C9439D401E3295AF007446B0 /* Sources */,
				C9439D411E3295AF007446B0 /* Frameworks */,
				C9439D421E3295AF007446B0 /* Resources */,
				C9439D791E36B931007446B0 /* Headers */,
				7CBA1CB1F6C0A141F7DE6BBA /* [CP] Embed Pods Frameworks */,
				C85DF9D0FE5EC9E1C6D6D280 /* [CP] Copy Pods Resources */,
			);
			buildRules = (
			);
			dependencies = (
			);
			name = MediaStreamer;
			productName = MediaStreamer;
			productReference = C9439D441E3295AF007446B0 /* MediaStreamer.app */;
			productType = "com.apple.product-type.application";
		};
		C9439D571E3295AF007446B0 /* MediaStreamerTests */ = {
			isa = PBXNativeTarget;
			buildConfigurationList = C9439D641E3295AF007446B0 /* Build configuration list for PBXNativeTarget "MediaStreamerTests" */;
			buildPhases = (
				C9439D541E3295AF007446B0 /* Sources */,
				C9439D551E3295AF007446B0 /* Frameworks */,
				C9439D561E3295AF007446B0 /* Resources */,
			);
			buildRules = (
			);
			dependencies = (
				C9439D5A1E3295AF007446B0 /* PBXTargetDependency */,
			);
			name = MediaStreamerTests;
			productName = MediaStreamerTests;
			productReference = C9439D581E3295AF007446B0 /* MediaStreamerTests.xctest */;
			productType = "com.apple.product-type.bundle.unit-test";
		};
/* End PBXNativeTarget section */

/* Begin PBXProject section */
		C9439D3C1E3295AF007446B0 /* Project object */ = {
			isa = PBXProject;
			attributes = {
				LastSwiftUpdateCheck = 0820;
				LastUpgradeCheck = 0820;
				ORGANIZATIONNAME = "Matt Weiss";
				TargetAttributes = {
					C9439D431E3295AF007446B0 = {
						CreatedOnToolsVersion = 8.2.1;
						DevelopmentTeam = F3998A6CDW;
						LastSwiftMigration = 0820;
						ProvisioningStyle = Automatic;
						SystemCapabilities = {
							com.apple.BackgroundModes = {
								enabled = 1;
							};
							com.apple.InterAppAudio = {
								enabled = 0;
							};
						};
					};
					C9439D571E3295AF007446B0 = {
						CreatedOnToolsVersion = 8.2.1;
						ProvisioningStyle = Automatic;
						TestTargetID = C9439D431E3295AF007446B0;
					};
				};
			};
			buildConfigurationList = C9439D3F1E3295AF007446B0 /* Build configuration list for PBXProject "MediaStreamer" */;
			compatibilityVersion = "Xcode 3.2";
			developmentRegion = English;
			hasScannedForEncodings = 0;
			knownRegions = (
				en,
				Base,
			);
			mainGroup = C9439D3B1E3295AF007446B0;
			productRefGroup = C9439D451E3295AF007446B0 /* Products */;
			projectDirPath = "";
			projectRoot = "";
			targets = (
				C9439D431E3295AF007446B0 /* MediaStreamer */,
				C9439D571E3295AF007446B0 /* MediaStreamerTests */,
			);
		};
/* End PBXProject section */

/* Begin PBXResourcesBuildPhase section */
		C9439D421E3295AF007446B0 /* Resources */ = {
			isa = PBXResourcesBuildPhase;
			buildActionMask = 2147483647;
			files = (
				C9439D521E3295AF007446B0 /* LaunchScreen.storyboard in Resources */,
				946F7DF41E4F78700046DB58 /* data.db in Resources */,
				C9439D4F1E3295AF007446B0 /* Assets.xcassets in Resources */,
				C9439D4D1E3295AF007446B0 /* Main.storyboard in Resources */,
			);
			runOnlyForDeploymentPostprocessing = 0;
		};
		C9439D561E3295AF007446B0 /* Resources */ = {
			isa = PBXResourcesBuildPhase;
			buildActionMask = 2147483647;
			files = (
			);
			runOnlyForDeploymentPostprocessing = 0;
		};
/* End PBXResourcesBuildPhase section */

/* Begin PBXShellScriptBuildPhase section */
		30D5CEEA0B7ABE8FDCC40CB8 /* [CP] Check Pods Manifest.lock */ = {
			isa = PBXShellScriptBuildPhase;
			buildActionMask = 2147483647;
			files = (
			);
			inputPaths = (
			);
			name = "[CP] Check Pods Manifest.lock";
			outputPaths = (
			);
			runOnlyForDeploymentPostprocessing = 0;
			shellPath = /bin/sh;
			shellScript = "diff \"${PODS_ROOT}/../Podfile.lock\" \"${PODS_ROOT}/Manifest.lock\" > /dev/null\nif [ $? != 0 ] ; then\n    # print error to STDERR\n    echo \"error: The sandbox is not in sync with the Podfile.lock. Run 'pod install' or update your CocoaPods installation.\" >&2\n    exit 1\nfi\n";
			showEnvVarsInLog = 0;
		};
		7CBA1CB1F6C0A141F7DE6BBA /* [CP] Embed Pods Frameworks */ = {
			isa = PBXShellScriptBuildPhase;
			buildActionMask = 2147483647;
			files = (
			);
			inputPaths = (
			);
			name = "[CP] Embed Pods Frameworks";
			outputPaths = (
			);
			runOnlyForDeploymentPostprocessing = 0;
			shellPath = /bin/sh;
			shellScript = "\"${SRCROOT}/Pods/Target Support Files/Pods-MediaStreamer/Pods-MediaStreamer-frameworks.sh\"\n";
			showEnvVarsInLog = 0;
		};
		C85DF9D0FE5EC9E1C6D6D280 /* [CP] Copy Pods Resources */ = {
			isa = PBXShellScriptBuildPhase;
			buildActionMask = 2147483647;
			files = (
			);
			inputPaths = (
			);
			name = "[CP] Copy Pods Resources";
			outputPaths = (
			);
			runOnlyForDeploymentPostprocessing = 0;
			shellPath = /bin/sh;
			shellScript = "\"${SRCROOT}/Pods/Target Support Files/Pods-MediaStreamer/Pods-MediaStreamer-resources.sh\"\n";
			showEnvVarsInLog = 0;
		};
/* End PBXShellScriptBuildPhase section */

/* Begin PBXSourcesBuildPhase section */
		C9439D401E3295AF007446B0 /* Sources */ = {
			isa = PBXSourcesBuildPhase;
			buildActionMask = 2147483647;
			files = (
				C987AE5E1E3F007800355688 /* SongController.swift in Sources */,
				C9F371291E54BAF00005BDBA /* SpotifySong.swift in Sources */,
				C987AE5A1E3EEBF900355688 /* SpotifyApp.swift in Sources */,
				C987AE521E3E49F800355688 /* Constants.swift in Sources */,
				C9439D681E329828007446B0 /* README.md in Sources */,
				C9877F1F1E492411008D5147 /* SpotifyPlaylistsController.swift in Sources */,
				C9439D4A1E3295AF007446B0 /* ViewController.swift in Sources */,
				C99288BB1E54C36300140CF2 /* User.swift in Sources */,
				946F7DEF1E4F771B0046DB58 /* SQLiteDB.swift in Sources */,
				C9877F0B1E429BEB008D5147 /* UIPlaylistView.swift in Sources */,
				C987AE5C1E3EFF2A00355688 /* PlaylistButton.swift in Sources */,
				946F7DF01E4F771B0046DB58 /* SQLTable.swift in Sources */,
				C9439D481E3295AF007446B0 /* AppDelegate.swift in Sources */,
				C9877F181E48F809008D5147 /* RoomController.swift in Sources */,
				C9F3711F1E54B7C20005BDBA /* Room.swift in Sources */,
				C99288DB1E55068000140CF2 /* SpotifyPlayer.swift in Sources */,
				C9877F211E49C361008D5147 /* SpotifyTrackView.swift in Sources */,
				C987AE621E3F0A3200355688 /* PlayerController.swift in Sources */,
				C9F371241E54B9540005BDBA /* Queue.swift in Sources */,
				C9877F111E43FA44008D5147 /* Helper.swift in Sources */,
				C9F371211E54B8A80005BDBA /* MediaQueue.swift in Sources */,
				C9877F251E4A4C83008D5147 /* SpotifyPlaylistView.swift in Sources */,
				C98347611E601CD70010CC65 /* SpotifyDelegate.swift in Sources */,
				C9877F161E48F7A8008D5147 /* HomeController.swift in Sources */,
				C987AE581E3E607300355688 /* PlaylistController.swift in Sources */,
				946F7DE21E4F6C220046DB58 /* SocketIOManager.swift in Sources */,
				C9877F0F1E43CD07008D5147 /* UISongView.swift in Sources */,
				C9877F1D1E492401008D5147 /* SpotifySearchController.swift in Sources */,
				C9877F231E4A3923008D5147 /* SpotifySongsController.swift in Sources */,
			);
			runOnlyForDeploymentPostprocessing = 0;
		};
		C9439D541E3295AF007446B0 /* Sources */ = {
			isa = PBXSourcesBuildPhase;
			buildActionMask = 2147483647;
			files = (
				C9439D5D1E3295AF007446B0 /* MediaStreamerTests.swift in Sources */,
			);
			runOnlyForDeploymentPostprocessing = 0;
		};
/* End PBXSourcesBuildPhase section */

/* Begin PBXTargetDependency section */
		C9439D5A1E3295AF007446B0 /* PBXTargetDependency */ = {
			isa = PBXTargetDependency;
			target = C9439D431E3295AF007446B0 /* MediaStreamer */;
			targetProxy = C9439D591E3295AF007446B0 /* PBXContainerItemProxy */;
		};
/* End PBXTargetDependency section */

/* Begin PBXVariantGroup section */
		C9439D4B1E3295AF007446B0 /* Main.storyboard */ = {
			isa = PBXVariantGroup;
			children = (
				C9439D4C1E3295AF007446B0 /* Base */,
			);
			name = Main.storyboard;
			sourceTree = "<group>";
		};
		C9439D501E3295AF007446B0 /* LaunchScreen.storyboard */ = {
			isa = PBXVariantGroup;
			children = (
				C9439D511E3295AF007446B0 /* Base */,
			);
			name = LaunchScreen.storyboard;
			sourceTree = "<group>";
		};
/* End PBXVariantGroup section */

/* Begin XCBuildConfiguration section */
		C9439D5F1E3295AF007446B0 /* Debug */ = {
			isa = XCBuildConfiguration;
			buildSettings = {
				ALWAYS_SEARCH_USER_PATHS = NO;
				CLANG_ANALYZER_NONNULL = YES;
				CLANG_CXX_LANGUAGE_STANDARD = "gnu++0x";
				CLANG_CXX_LIBRARY = "libc++";
				CLANG_ENABLE_MODULES = YES;
				CLANG_ENABLE_OBJC_ARC = YES;
				CLANG_WARN_BOOL_CONVERSION = YES;
				CLANG_WARN_CONSTANT_CONVERSION = YES;
				CLANG_WARN_DIRECT_OBJC_ISA_USAGE = YES_ERROR;
				CLANG_WARN_DOCUMENTATION_COMMENTS = YES;
				CLANG_WARN_EMPTY_BODY = YES;
				CLANG_WARN_ENUM_CONVERSION = YES;
				CLANG_WARN_INFINITE_RECURSION = YES;
				CLANG_WARN_INT_CONVERSION = YES;
				CLANG_WARN_OBJC_ROOT_CLASS = YES_ERROR;
				CLANG_WARN_SUSPICIOUS_MOVE = YES;
				CLANG_WARN_UNREACHABLE_CODE = YES;
				CLANG_WARN__DUPLICATE_METHOD_MATCH = YES;
				"CODE_SIGN_IDENTITY[sdk=iphoneos*]" = "iPhone Developer";
				COPY_PHASE_STRIP = NO;
				DEBUG_INFORMATION_FORMAT = dwarf;
				ENABLE_STRICT_OBJC_MSGSEND = YES;
				ENABLE_TESTABILITY = YES;
				GCC_C_LANGUAGE_STANDARD = gnu99;
				GCC_DYNAMIC_NO_PIC = NO;
				GCC_NO_COMMON_BLOCKS = YES;
				GCC_OPTIMIZATION_LEVEL = 0;
				GCC_PREPROCESSOR_DEFINITIONS = (
					"DEBUG=1",
					"$(inherited)",
				);
				GCC_WARN_64_TO_32_BIT_CONVERSION = YES;
				GCC_WARN_ABOUT_RETURN_TYPE = YES_ERROR;
				GCC_WARN_UNDECLARED_SELECTOR = YES;
				GCC_WARN_UNINITIALIZED_AUTOS = YES_AGGRESSIVE;
				GCC_WARN_UNUSED_FUNCTION = YES;
				GCC_WARN_UNUSED_VARIABLE = YES;
				IPHONEOS_DEPLOYMENT_TARGET = 10.2;
				MTL_ENABLE_DEBUG_INFO = YES;
				ONLY_ACTIVE_ARCH = YES;
				SDKROOT = iphoneos;
				SWIFT_ACTIVE_COMPILATION_CONDITIONS = DEBUG;
				SWIFT_OPTIMIZATION_LEVEL = "-Onone";
				TARGETED_DEVICE_FAMILY = "1,2";
			};
			name = Debug;
		};
		C9439D601E3295AF007446B0 /* Release */ = {
			isa = XCBuildConfiguration;
			buildSettings = {
				ALWAYS_SEARCH_USER_PATHS = NO;
				CLANG_ANALYZER_NONNULL = YES;
				CLANG_CXX_LANGUAGE_STANDARD = "gnu++0x";
				CLANG_CXX_LIBRARY = "libc++";
				CLANG_ENABLE_MODULES = YES;
				CLANG_ENABLE_OBJC_ARC = YES;
				CLANG_WARN_BOOL_CONVERSION = YES;
				CLANG_WARN_CONSTANT_CONVERSION = YES;
				CLANG_WARN_DIRECT_OBJC_ISA_USAGE = YES_ERROR;
				CLANG_WARN_DOCUMENTATION_COMMENTS = YES;
				CLANG_WARN_EMPTY_BODY = YES;
				CLANG_WARN_ENUM_CONVERSION = YES;
				CLANG_WARN_INFINITE_RECURSION = YES;
				CLANG_WARN_INT_CONVERSION = YES;
				CLANG_WARN_OBJC_ROOT_CLASS = YES_ERROR;
				CLANG_WARN_SUSPICIOUS_MOVE = YES;
				CLANG_WARN_UNREACHABLE_CODE = YES;
				CLANG_WARN__DUPLICATE_METHOD_MATCH = YES;
				"CODE_SIGN_IDENTITY[sdk=iphoneos*]" = "iPhone Developer";
				COPY_PHASE_STRIP = NO;
				DEBUG_INFORMATION_FORMAT = "dwarf-with-dsym";
				ENABLE_NS_ASSERTIONS = NO;
				ENABLE_STRICT_OBJC_MSGSEND = YES;
				GCC_C_LANGUAGE_STANDARD = gnu99;
				GCC_NO_COMMON_BLOCKS = YES;
				GCC_WARN_64_TO_32_BIT_CONVERSION = YES;
				GCC_WARN_ABOUT_RETURN_TYPE = YES_ERROR;
				GCC_WARN_UNDECLARED_SELECTOR = YES;
				GCC_WARN_UNINITIALIZED_AUTOS = YES_AGGRESSIVE;
				GCC_WARN_UNUSED_FUNCTION = YES;
				GCC_WARN_UNUSED_VARIABLE = YES;
				IPHONEOS_DEPLOYMENT_TARGET = 10.2;
				MTL_ENABLE_DEBUG_INFO = NO;
				SDKROOT = iphoneos;
				SWIFT_OPTIMIZATION_LEVEL = "-Owholemodule";
				TARGETED_DEVICE_FAMILY = "1,2";
				VALIDATE_PRODUCT = YES;
			};
			name = Release;
		};
		C9439D621E3295AF007446B0 /* Debug */ = {
			isa = XCBuildConfiguration;
			baseConfigurationReference = 1C5F6C9526D9BAEFEAB8DC6D /* Pods-MediaStreamer.debug.xcconfig */;
			buildSettings = {
				ASSETCATALOG_COMPILER_APPICON_NAME = AppIcon;
				ASSETCATALOG_COMPILER_LAUNCHIMAGE_NAME = LaunchImage;
				CLANG_ANALYZER_OBJC_UNUSED_IVARS = NO;
				CLANG_ENABLE_MODULES = YES;
				"CODE_SIGN_IDENTITY[sdk=iphoneos*]" = "iPhone Developer";
				DEFINES_MODULE = YES;
				DEVELOPMENT_TEAM = F3998A6CDW;
				FRAMEWORK_SEARCH_PATHS = (
					"$(inherited)",
					"$(PROJECT_DIR)",
				);
				GCC_WARN_UNUSED_VALUE = NO;
				GCC_WARN_UNUSED_VARIABLE = NO;
				INFOPLIST_FILE = MediaStreamer/Info.plist;
				IPHONEOS_DEPLOYMENT_TARGET = 10.2;
				LD_RUNPATH_SEARCH_PATHS = "$(inherited) @executable_path/Frameworks";
				OTHER_LDFLAGS = "-ObjC";
				PRODUCT_BUNDLE_IDENTIFIER = edu.osu.mediastreamer;
				PRODUCT_NAME = "$(TARGET_NAME)";
				SWIFT_OBJC_BRIDGING_HEADER = "MediaStreamer-Bridging-Header.h";
				SWIFT_OPTIMIZATION_LEVEL = "-Onone";
				SWIFT_VERSION = 3.0;
			};
			name = Debug;
		};
		C9439D631E3295AF007446B0 /* Release */ = {
			isa = XCBuildConfiguration;
			baseConfigurationReference = F38263614FDE16C3513EBB6A /* Pods-MediaStreamer.release.xcconfig */;
			buildSettings = {
				ASSETCATALOG_COMPILER_APPICON_NAME = AppIcon;
				ASSETCATALOG_COMPILER_LAUNCHIMAGE_NAME = LaunchImage;
				CLANG_ANALYZER_OBJC_UNUSED_IVARS = NO;
				CLANG_ENABLE_MODULES = YES;
				"CODE_SIGN_IDENTITY[sdk=iphoneos*]" = "iPhone Developer";
				DEFINES_MODULE = YES;
				DEVELOPMENT_TEAM = F3998A6CDW;
				FRAMEWORK_SEARCH_PATHS = (
					"$(inherited)",
					"$(PROJECT_DIR)",
				);
				GCC_WARN_UNUSED_VALUE = NO;
				GCC_WARN_UNUSED_VARIABLE = NO;
				INFOPLIST_FILE = MediaStreamer/Info.plist;
				IPHONEOS_DEPLOYMENT_TARGET = 10.2;
				LD_RUNPATH_SEARCH_PATHS = "$(inherited) @executable_path/Frameworks";
				OTHER_LDFLAGS = "-ObjC";
				PRODUCT_BUNDLE_IDENTIFIER = edu.osu.mediastreamer;
				PRODUCT_NAME = "$(TARGET_NAME)";
				SWIFT_OBJC_BRIDGING_HEADER = "MediaStreamer-Bridging-Header.h";
				SWIFT_VERSION = 3.0;
			};
			name = Release;
		};
		C9439D651E3295AF007446B0 /* Debug */ = {
			isa = XCBuildConfiguration;
			buildSettings = {
				ALWAYS_EMBED_SWIFT_STANDARD_LIBRARIES = YES;
				BUNDLE_LOADER = "$(TEST_HOST)";
				INFOPLIST_FILE = MediaStreamerTests/Info.plist;
				LD_RUNPATH_SEARCH_PATHS = "$(inherited) @executable_path/Frameworks @loader_path/Frameworks";
				PRODUCT_BUNDLE_IDENTIFIER = edu.osu.mediastreamer.MediaStreamerTests;
				PRODUCT_NAME = "$(TARGET_NAME)";
				SWIFT_VERSION = 3.0;
				TEST_HOST = "$(BUILT_PRODUCTS_DIR)/MediaStreamer.app/MediaStreamer";
			};
			name = Debug;
		};
		C9439D661E3295AF007446B0 /* Release */ = {
			isa = XCBuildConfiguration;
			buildSettings = {
				ALWAYS_EMBED_SWIFT_STANDARD_LIBRARIES = YES;
				BUNDLE_LOADER = "$(TEST_HOST)";
				INFOPLIST_FILE = MediaStreamerTests/Info.plist;
				LD_RUNPATH_SEARCH_PATHS = "$(inherited) @executable_path/Frameworks @loader_path/Frameworks";
				PRODUCT_BUNDLE_IDENTIFIER = edu.osu.mediastreamer.MediaStreamerTests;
				PRODUCT_NAME = "$(TARGET_NAME)";
				SWIFT_VERSION = 3.0;
				TEST_HOST = "$(BUILT_PRODUCTS_DIR)/MediaStreamer.app/MediaStreamer";
			};
			name = Release;
		};
/* End XCBuildConfiguration section */

/* Begin XCConfigurationList section */
		C9439D3F1E3295AF007446B0 /* Build configuration list for PBXProject "MediaStreamer" */ = {
			isa = XCConfigurationList;
			buildConfigurations = (
				C9439D5F1E3295AF007446B0 /* Debug */,
				C9439D601E3295AF007446B0 /* Release */,
			);
			defaultConfigurationIsVisible = 0;
			defaultConfigurationName = Release;
		};
		C9439D611E3295AF007446B0 /* Build configuration list for PBXNativeTarget "MediaStreamer" */ = {
			isa = XCConfigurationList;
			buildConfigurations = (
				C9439D621E3295AF007446B0 /* Debug */,
				C9439D631E3295AF007446B0 /* Release */,
			);
			defaultConfigurationIsVisible = 0;
			defaultConfigurationName = Release;
		};
		C9439D641E3295AF007446B0 /* Build configuration list for PBXNativeTarget "MediaStreamerTests" */ = {
			isa = XCConfigurationList;
			buildConfigurations = (
				C9439D651E3295AF007446B0 /* Debug */,
				C9439D661E3295AF007446B0 /* Release */,
			);
			defaultConfigurationIsVisible = 0;
			defaultConfigurationName = Release;
		};
/* End XCConfigurationList section */
	};
	rootObject = C9439D3C1E3295AF007446B0 /* Project object */;
}
